{
  "pins" : [
    {
      "identity" : "marketingcloudsdk-ios",
      "kind" : "remoteSourceControl",
      "location" : "https://github.com/salesforce-marketingcloud/MarketingCloudSDK-iOS",
      "state" : {
        "revision" : "29240f99e5fab3e7e674a847c48253ade82b140a",
        "version" : "8.0.13"
      }
    },
    {
      "identity" : "sfmc-sdk-ios",
      "kind" : "remoteSourceControl",
      "location" : "https://github.com/salesforce-marketingcloud/sfmc-sdk-ios",
      "state" : {
        "revision" : "0b7c160c31c7d685c4d7e795c87017ce1ec09454",
        "version" : "1.0.8"
      }
    }
  ],
  "version" : 2
}
